<?xml version="1.0" encoding="utf-8"?>
<Project ToolsVersion="4.0" xmlns="http://schemas.microsoft.com/developer/msbuild/2003">
  <ItemGroup>
    <Filter Include="Source Files">
      <UniqueIdentifier>{4FC737F1-C7A5-4376-A066-2A32D752A2FF}</UniqueIdentifier>
      <Extensions>cpp;c;cc;cxx;def;odl;idl;hpj;bat;asm;asmx</Extensions>
    </Filter>
    <Filter Include="Header Files">
      <UniqueIdentifier>{93995380-89BD-4b04-88EB-625FBE52EBFB}</UniqueIdentifier>
      <Extensions>h;hh;hpp;hxx;hm;inl;inc;xsd</Extensions>
    </Filter>
    <Filter Include="Resource Files">
      <UniqueIdentifier>{67DA6AB6-F800-4c08-8B7A-83BB121AAD01}</UniqueIdentifier>
      <Extensions>rc;ico;cur;bmp;dlg;rc2;rct;bin;rgs;gif;jpg;jpeg;jpe;resx;tiff;tif;png;wav;mfcribbon-ms</Extensions>
    </Filter>
    <Filter Include="Header Files\system">
      <UniqueIdentifier>{03b4cfe8-1f01-4214-80d0-046c519324ac}</UniqueIdentifier>
    </Filter>
    <Filter Include="Header Files\objects">
      <UniqueIdentifier>{39a9c188-a88f-45ae-a676-80e5d447ed59}</UniqueIdentifier>
    </Filter>
    <Filter Include="Source Files\system">
      <UniqueIdentifier>{5eb2a549-b4c6-4a6e-9248-0980b625340a}</UniqueIdentifier>
    </Filter>
    <Filter Include="Source Files\objects">
      <UniqueIdentifier>{91e7716d-d269-49ff-b9c0-97adb79c707a}</UniqueIdentifier>
    </Filter>
    <Filter Include="Header Files\map">
      <UniqueIdentifier>{6998b4e1-ffae-4cd9-95d4-ba2f12853672}</UniqueIdentifier>
    </Filter>
    <Filter Include="Source Files\map">
      <UniqueIdentifier>{f3494a08-2edd-4816-95e6-96f25a8124f7}</UniqueIdentifier>
    </Filter>
  </ItemGroup>
  <ItemGroup>
    <ClCompile Include="Main.cpp">
      <Filter>Source Files</Filter>
    </ClCompile>
    <ClCompile Include="SDLSystem.cpp">
      <Filter>Source Files\system</Filter>
    </ClCompile>
    <ClCompile Include="Graphics.cpp">
      <Filter>Source Files\system</Filter>
    </ClCompile>
    <ClCompile Include="GameTexture.cpp">
      <Filter>Source Files\system</Filter>
    </ClCompile>
    <ClCompile Include="TextureList.cpp">
      <Filter>Source Files\system</Filter>
    </ClCompile>
    <ClCompile Include="Game.cpp">
      <Filter>Source Files\system</Filter>
    </ClCompile>
    <ClCompile Include="Sprite.cpp">
      <Filter>Source Files\system</Filter>
    </ClCompile>
    <ClCompile Include="Entity.cpp">
      <Filter>Source Files\objects</Filter>
    </ClCompile>
    <ClCompile Include="EntityList.cpp">
      <Filter>Source Files\objects</Filter>
    </ClCompile>
    <ClCompile Include="InputInterface.cpp">
      <Filter>Source Files\system</Filter>
    </ClCompile>
    <ClCompile Include="InputProtocol.cpp">
      <Filter>Source Files\system</Filter>
    </ClCompile>
    <ClCompile Include="SpriteList.cpp">
      <Filter>Source Files\system</Filter>
    </ClCompile>
    <ClCompile Include="PhysicsEngine.cpp">
      <Filter>Source Files\system</Filter>
    </ClCompile>
    <ClCompile Include="Map.cpp">
      <Filter>Source Files\map</Filter>
    </ClCompile>
    <ClCompile Include="Tile.cpp">
      <Filter>Source Files\map</Filter>
    </ClCompile>
    <ClCompile Include="Room.cpp">
      <Filter>Source Files\map</Filter>
    </ClCompile>
    <ClCompile Include="FontLoader.cpp">
      <Filter>Source Files\system</Filter>
    </ClCompile>
    <ClCompile Include="TextObject.cpp">
      <Filter>Source Files\system</Filter>
    </ClCompile>
    <ClCompile Include="TextList.cpp">
      <Filter>Source Files\system</Filter>
    </ClCompile>
    <ClCompile Include="BackgroundTile.cpp">
      <Filter>Source Files\map</Filter>
    </ClCompile>
    <ClCompile Include="TitleScreen.cpp">
      <Filter>Source Files\objects</Filter>
    </ClCompile>
    <ClCompile Include="Screen.cpp">
      <Filter>Source Files\objects</Filter>
    </ClCompile>
    <ClCompile Include="GameRect.cpp">
      <Filter>Source Files\system</Filter>
    </ClCompile>
    <ClCompile Include="EnemyWalker.cpp">
      <Filter>Source Files\objects</Filter>
    </ClCompile>
    <ClCompile Include="HeroBase.cpp">
      <Filter>Source Files\objects</Filter>
    </ClCompile>
    <ClCompile Include="HeroOne.cpp">
      <Filter>Source Files\objects</Filter>
    </ClCompile>
    <ClCompile Include="Player.cpp">
      <Filter>Source Files\system</Filter>
    </ClCompile>
    <ClCompile Include="HeroTwo.cpp">
      <Filter>Source Files\objects</Filter>
    </ClCompile>
    <ClCompile Include="BulletBase.cpp">
      <Filter>Source Files\objects</Filter>
    </ClCompile>
    <ClCompile Include="HeroBulletMain.cpp">
      <Filter>Source Files\objects</Filter>
    </ClCompile>
    <ClCompile Include="Formation.cpp">
      <Filter>Source Files\map</Filter>
    </ClCompile>
    <ClCompile Include="HeroBulletSecondary.cpp">
      <Filter>Source Files\objects</Filter>
    </ClCompile>
    <ClCompile Include="EnemyBullet.cpp">
      <Filter>Source Files\objects</Filter>
    </ClCompile>
    <ClCompile Include="TextField.cpp">
      <Filter>Source Files\system</Filter>
    </ClCompile>
    <ClCompile Include="HeroBulletBlast.cpp">
      <Filter>Source Files\objects</Filter>
    </ClCompile>
    <ClCompile Include="HeroBulletBlade.cpp">
      <Filter>Source Files\objects</Filter>
    </ClCompile>
    <ClCompile Include="EnemyJet.cpp">
      <Filter>Source Files\objects</Filter>
    </ClCompile>
    <ClCompile Include="EnemyBoss.cpp">
      <Filter>Source Files\objects</Filter>
    </ClCompile>
    <ClCompile Include="AudioPlayer.cpp">
      <Filter>Source Files\system</Filter>
    </ClCompile>
    <ClCompile Include="SFXLibrary.cpp">
      <Filter>Source Files\system</Filter>
    </ClCompile>
  </ItemGroup>
  <ItemGroup>
    <ClInclude Include="SDLSystem.h">
      <Filter>Header Files\system</Filter>
    </ClInclude>
    <ClInclude Include="Graphics.h">
      <Filter>Header Files\system</Filter>
    </ClInclude>
    <ClInclude Include="GameTexture.h">
      <Filter>Header Files\system</Filter>
    </ClInclude>
    <ClInclude Include="TextureList.h">
      <Filter>Header Files\system</Filter>
    </ClInclude>
    <ClInclude Include="Game.h">
      <Filter>Header Files\system</Filter>
    </ClInclude>
    <ClInclude Include="Sprite.h">
      <Filter>Header Files\system</Filter>
    </ClInclude>
    <ClInclude Include="SpriteList.h">
      <Filter>Header Files\system</Filter>
    </ClInclude>
    <ClInclude Include="Entity.h">
      <Filter>Header Files\objects</Filter>
    </ClInclude>
    <ClInclude Include="EntityList.h">
      <Filter>Header Files\objects</Filter>
    </ClInclude>
    <ClInclude Include="InputInterface.h">
      <Filter>Header Files\system</Filter>
    </ClInclude>
    <ClInclude Include="InputProtocol.h">
      <Filter>Header Files\system</Filter>
    </ClInclude>
    <ClInclude Include="PhysicsEngine.h">
      <Filter>Header Files\system</Filter>
    </ClInclude>
    <ClInclude Include="Map.h">
      <Filter>Header Files\map</Filter>
    </ClInclude>
    <ClInclude Include="Tile.h">
      <Filter>Header Files\map</Filter>
    </ClInclude>
    <ClInclude Include="Room.h">
      <Filter>Header Files\map</Filter>
    </ClInclude>
    <ClInclude Include="GameRect.h">
      <Filter>Header Files\system</Filter>
    </ClInclude>
    <ClInclude Include="FontLoader.h">
      <Filter>Header Files\system</Filter>
    </ClInclude>
    <ClInclude Include="TextList.h">
      <Filter>Header Files\system</Filter>
    </ClInclude>
    <ClInclude Include="TextObject.h">
      <Filter>Header Files\system</Filter>
    </ClInclude>
    <ClInclude Include="BackgroundTile.h">
      <Filter>Header Files\map</Filter>
    </ClInclude>
    <ClInclude Include="Screen.h">
      <Filter>Header Files\objects</Filter>
    </ClInclude>
    <ClInclude Include="TitleScreen.h">
      <Filter>Header Files\objects</Filter>
    </ClInclude>
    <ClInclude Include="EnemyWalker.h">
      <Filter>Header Files\objects</Filter>
    </ClInclude>
    <ClInclude Include="HeroBase.h">
      <Filter>Header Files\objects</Filter>
    </ClInclude>
    <ClInclude Include="HeroOne.h">
      <Filter>Header Files\objects</Filter>
    </ClInclude>
    <ClInclude Include="Player.h">
      <Filter>Header Files\system</Filter>
    </ClInclude>
    <ClInclude Include="HeroTwo.h">
      <Filter>Header Files\objects</Filter>
    </ClInclude>
    <ClInclude Include="BulletBase.h">
      <Filter>Header Files\objects</Filter>
    </ClInclude>
    <ClInclude Include="HeroBulletMain.h">
      <Filter>Header Files\objects</Filter>
    </ClInclude>
    <ClInclude Include="Formation.h">
      <Filter>Header Files\map</Filter>
    </ClInclude>
    <ClInclude Include="HeroBulletSecondary.h">
      <Filter>Header Files\objects</Filter>
    </ClInclude>
    <ClInclude Include="EnemyBullet.h">
      <Filter>Header Files\objects</Filter>
    </ClInclude>
    <ClInclude Include="TextField.h">
      <Filter>Header Files\system</Filter>
    </ClInclude>
    <ClInclude Include="HeroBulletBlast.h">
      <Filter>Header Files\objects</Filter>
    </ClInclude>
    <ClInclude Include="HeroBulletBlade.h">
      <Filter>Header Files\objects</Filter>
    </ClInclude>
    <ClInclude Include="EnemyJet.h">
      <Filter>Header Files\objects</Filter>
    </ClInclude>
    <ClInclude Include="EnemyBoss.h">
      <Filter>Header Files\objects</Filter>
    </ClInclude>
    <ClInclude Include="AudioPlayer.h">
      <Filter>Header Files\system</Filter>
    </ClInclude>
    <ClInclude Include="SFXLibrary.h">
      <Filter>Header Files\system</Filter>
    </ClInclude>
  </ItemGroup>
</Project>